
Microsoft Visual Studio Solution File, Format Version 12.00
# Visual Studio Version 17
VisualStudioVersion = 17.0.32112.339
MinimumVisualStudioVersion = 10.0.40219.1
Project("{FAE04EC0-301F-11D3-BF4B-00C04F79EFBC}") = "IndianStatesCensusAnalyserProblem", "IndianStatesCensusAnalyserProblem\IndianStatesCensusAnalyserProblem.csproj", "{31DAC73C-B79F-4473-BA15-BE016108F89B}"
EndProject
Project("{FAE04EC0-301F-11D3-BF4B-00C04F79EFBC}") = "CensusAnalyserTest", "CensusAnalyserTest\CensusAnalyserTest.csproj", "{65AFC461-0EA5-4BAA-97B1-438F398C256C}"
EndProject
Global
	GlobalSection(SolutionConfigurationPlatforms) = preSolution
		Debug|Any CPU = Debug|Any CPU
		Release|Any CPU = Release|Any CPU
	EndGlobalSection
	GlobalSection(ProjectConfigurationPlatforms) = postSolution
		{31DAC73C-B79F-4473-BA15-BE016108F89B}.Debug|Any CPU.ActiveCfg = Debug|Any CPU
		{31DAC73C-B79F-4473-BA15-BE016108F89B}.Debug|Any CPU.Build.0 = Debug|Any CPU
		{31DAC73C-B79F-4473-BA15-BE016108F89B}.Release|Any CPU.ActiveCfg = Release|Any CPU
		{31DAC73C-B79F-4473-BA15-BE016108F89B}.Release|Any CPU.Build.0 = Release|Any CPU
		{65AFC461-0EA5-4BAA-97B1-438F398C256C}.Debug|Any CPU.ActiveCfg = Debug|Any CPU
		{65AFC461-0EA5-4BAA-97B1-438F398C256C}.Debug|Any CPU.Build.0 = Debug|Any CPU
		{65AFC461-0EA5-4BAA-97B1-438F398C256C}.Release|Any CPU.ActiveCfg = Release|Any CPU
		{65AFC461-0EA5-4BAA-97B1-438F398C256C}.Release|Any CPU.Build.0 = Release|Any CPU
	EndGlobalSection
	GlobalSection(SolutionProperties) = preSolution
		HideSolutionNode = FALSE
	EndGlobalSection
	GlobalSection(ExtensibilityGlobals) = postSolution
		SolutionGuid = {E3949454-F8A5-4EF9-A1E4-0C1FFBA5F94F}
	EndGlobalSection
EndGlobal
